{
  "name": "Libreria",
  "version": "1.0.0",
  "lockfileVersion": 1,
  "requires": true,
  "dependencies": {
    "sqlite": {
      "version": "4.0.19",
      "resolved": "https://registry.npmjs.org/sqlite/-/sqlite-4.0.19.tgz",
      "integrity": "sha512-UiHAgJI4NzbnBXdD3r8EHOpwCOiv8VxcC6dnOoEYPEde8bw6t2HRqUcvGppF3uOV/SrqyVHicMl5Cjmuaalnlw=="
    }
  }
}
